
Microsoft Visual Studio Solution File, Format Version 9.00
# Visual Studio 2005
Project("{FAE04EC0-301F-11D3-BF4B-00C04F79EFBC}") = "microsynthrandom1", "microsynthrandom1\microsynthrandom1.csproj", "{AE888738-955B-4FE5-A577-EAB06A2D9AB0}"
EndProject
Global
	GlobalSection(SolutionConfigurationPlatforms) = preSolution
		Debug|Any CPU = Debug|Any CPU
		Release|Any CPU = Release|Any CPU
	EndGlobalSection
	GlobalSection(ProjectConfigurationPlatforms) = postSolution
		{AE888738-955B-4FE5-A577-EAB06A2D9AB0}.Debug|Any CPU.ActiveCfg = Debug|Any CPU
		{AE888738-955B-4FE5-A577-EAB06A2D9AB0}.Debug|Any CPU.Build.0 = Debug|Any CPU
		{AE888738-955B-4FE5-A577-EAB06A2D9AB0}.Release|Any CPU.ActiveCfg = Release|Any CPU
		{AE888738-955B-4FE5-A577-EAB06A2D9AB0}.Release|Any CPU.Build.0 = Release|Any CPU
	EndGlobalSection
	GlobalSection(SolutionProperties) = preSolution
		HideSolutionNode = FALSE
	EndGlobalSection
EndGlobal
